
Microsoft Visual Studio Solution File, Format Version 10.00
# Visual Studio 2008
Project("{D183A3D8-5FD8-494B-B014-37F57B35E655}") = "SMaRT", "SMaRT.dtproj", "{EAD0270C-0BB8-418D-9529-2BFC05C17D6C}"
EndProject
Global
	GlobalSection(SolutionConfigurationPlatforms) = preSolution
		Development|Default = Development|Default
	EndGlobalSection
	GlobalSection(ProjectConfigurationPlatforms) = postSolution
		{EAD0270C-0BB8-418D-9529-2BFC05C17D6C}.Development|Default.ActiveCfg = Development
		{EAD0270C-0BB8-418D-9529-2BFC05C17D6C}.Development|Default.Build.0 = Development
	EndGlobalSection
	GlobalSection(SolutionProperties) = preSolution
		HideSolutionNode = FALSE
	EndGlobalSection
EndGlobal
